<?xml version="1.0" encoding="utf-8"?>
<Project ToolsVersion="4.0" xmlns="http://schemas.microsoft.com/developer/msbuild/2003">
  <ItemGroup>
    <Filter Include="Source Files">
      <UniqueIdentifier>{4FC737F1-C7A5-4376-A066-2A32D752A2FF}</UniqueIdentifier>
      <Extensions>cpp;c;cc;cxx;def;odl;idl;hpj;bat;asm;asmx</Extensions>
    </Filter>
    <Filter Include="Header Files">
      <UniqueIdentifier>{93995380-89BD-4b04-88EB-625FBE52EBFB}</UniqueIdentifier>
      <Extensions>h;hpp;hxx;hm;inl;inc;xsd</Extensions>
    </Filter>
    <Filter Include="Shader Files">
      <UniqueIdentifier>{67DA6AB6-F800-4c08-8B7A-83BB121AAD01}</UniqueIdentifier>
      <Extensions>rc;ico;cur;bmp;dlg;rc2;rct;bin;rgs;gif;jpg;jpeg;jpe;resx;tiff;tif;png;wav</Extensions>
    </Filter>
    <Filter Include="Header Files\Shaders">
      <UniqueIdentifier>{09ddbaa4-a5b2-4128-9ad4-e5c52b47e459}</UniqueIdentifier>
    </Filter>
    <Filter Include="Header Files\Mangers">
      <UniqueIdentifier>{be62750f-449b-40a5-ade0-415ab47dca6c}</UniqueIdentifier>
    </Filter>
    <Filter Include="Header Files\Tarrain">
      <UniqueIdentifier>{0de73089-7c18-4a4d-a870-6e982fc97ad0}</UniqueIdentifier>
    </Filter>
    <Filter Include="Header Files\System">
      <UniqueIdentifier>{47e66539-b7b2-46e4-a2cc-cab90827161b}</UniqueIdentifier>
    </Filter>
    <Filter Include="Header Files\Componets">
      <UniqueIdentifier>{5b36435b-f242-4e8c-b5d8-96f60f4d3779}</UniqueIdentifier>
    </Filter>
    <Filter Include="Header Files\SingleTon">
      <UniqueIdentifier>{c63ea897-e556-4b89-a02a-091fa9ee131e}</UniqueIdentifier>
    </Filter>
    <Filter Include="Source Files\Shaders">
      <UniqueIdentifier>{f118fe13-513a-46ce-911e-2441bc56e3c6}</UniqueIdentifier>
    </Filter>
    <Filter Include="Source Files\Manager">
      <UniqueIdentifier>{e5016e53-bfe6-4d7f-86fe-6a5151eec22e}</UniqueIdentifier>
    </Filter>
    <Filter Include="Source Files\System">
      <UniqueIdentifier>{bc30cf39-4dd7-4fe2-9e83-3400601151f6}</UniqueIdentifier>
    </Filter>
    <Filter Include="Source Files\Componets">
      <UniqueIdentifier>{a5d97014-a4af-4704-af78-b3b722836d2e}</UniqueIdentifier>
    </Filter>
    <Filter Include="Source Files\SingleTon">
      <UniqueIdentifier>{404a15a9-ebb0-4e41-b251-9ba8ddc4c3c0}</UniqueIdentifier>
    </Filter>
    <Filter Include="Source Files\HandeledByManagers">
      <UniqueIdentifier>{c096d44a-e5e2-4c6b-8943-e40c11a49143}</UniqueIdentifier>
    </Filter>
    <Filter Include="Header Files\HandeldByManager">
      <UniqueIdentifier>{e085ff16-3fb5-4f84-a919-d6e71aea823b}</UniqueIdentifier>
    </Filter>
    <Filter Include="Header Files\Scenes">
      <UniqueIdentifier>{01d65e1b-01c6-4563-abdb-da0649f82632}</UniqueIdentifier>
    </Filter>
    <Filter Include="Source Files\Scenes">
      <UniqueIdentifier>{8adc3a75-e212-4130-a2c1-e84c94d11e9f}</UniqueIdentifier>
    </Filter>
    <Filter Include="Header Files\Elements">
      <UniqueIdentifier>{834022bc-13a9-43d4-bd2f-fa8b09679499}</UniqueIdentifier>
    </Filter>
    <Filter Include="Source Files\Elements">
      <UniqueIdentifier>{9cd73f52-9718-422c-ae99-6d6a23742e76}</UniqueIdentifier>
    </Filter>
    <Filter Include="Header Files\UI">
      <UniqueIdentifier>{5949768a-95dd-4154-ba7e-f90b957d3d91}</UniqueIdentifier>
    </Filter>
    <Filter Include="Source Files\UI">
      <UniqueIdentifier>{51931d09-4ba5-4afa-9934-5bb2e152d677}</UniqueIdentifier>
    </Filter>
  </ItemGroup>
  <ItemGroup>
    <None Include="ClassDiagram.cd" />
    <None Include="color.ps">
      <Filter>Shader Files</Filter>
    </None>
    <None Include="font.ps">
      <Filter>Shader Files</Filter>
    </None>
    <None Include="light.ps">
      <Filter>Shader Files</Filter>
    </None>
    <None Include="skydome.ps">
      <Filter>Shader Files</Filter>
    </None>
    <None Include="terrain.ps">
      <Filter>Shader Files</Filter>
    </None>
    <None Include="texture.ps">
      <Filter>Shader Files</Filter>
    </None>
    <None Include="color.vs">
      <Filter>Shader Files</Filter>
    </None>
    <None Include="font.vs">
      <Filter>Shader Files</Filter>
    </None>
    <None Include="light.vs">
      <Filter>Shader Files</Filter>
    </None>
    <None Include="skydome.vs">
      <Filter>Shader Files</Filter>
    </None>
    <None Include="terrain.vs">
      <Filter>Shader Files</Filter>
    </None>
    <None Include="texture.vs">
      <Filter>Shader Files</Filter>
    </None>
    <None Include="Shaderlight.vs">
      <Filter>Shader Files</Filter>
    </None>
    <None Include="Shaderlight.ps">
      <Filter>Shader Files</Filter>
    </None>
    <None Include="bumpmap.ps">
      <Filter>Shader Files</Filter>
    </None>
    <None Include="bumpmap.vs">
      <Filter>Shader Files</Filter>
    </None>
  </ItemGroup>
  <ItemGroup>
    <ClInclude Include="colorshaderclass.h">
      <Filter>Header Files\Shaders</Filter>
    </ClInclude>
    <ClInclude Include="fontshaderclass.h">
      <Filter>Header Files\Shaders</Filter>
    </ClInclude>
    <ClInclude Include="lightshaderclass.h">
      <Filter>Header Files\Shaders</Filter>
    </ClInclude>
    <ClInclude Include="skydomeshaderclass.h">
      <Filter>Header Files\Shaders</Filter>
    </ClInclude>
    <ClInclude Include="terrainshaderclass.h">
      <Filter>Header Files\Shaders</Filter>
    </ClInclude>
    <ClInclude Include="textureshaderclass.h">
      <Filter>Header Files\Shaders</Filter>
    </ClInclude>
    <ClInclude Include="shadermanagerclass.h">
      <Filter>Header Files\Mangers</Filter>
    </ClInclude>
    <ClInclude Include="texturemanagerclass.h">
      <Filter>Header Files\Mangers</Filter>
    </ClInclude>
    <ClInclude Include="terrainclass.h">
      <Filter>Header Files\Tarrain</Filter>
    </ClInclude>
    <ClInclude Include="terraincellclass.h">
      <Filter>Header Files\Tarrain</Filter>
    </ClInclude>
    <ClInclude Include="d3dclass.h">
      <Filter>Header Files\System</Filter>
    </ClInclude>
    <ClInclude Include="applicationclass.h">
      <Filter>Header Files\System</Filter>
    </ClInclude>
    <ClInclude Include="systemclass.h">
      <Filter>Header Files\System</Filter>
    </ClInclude>
    <ClInclude Include="timerclass.h">
      <Filter>Header Files\SingleTon</Filter>
    </ClInclude>
    <ClInclude Include="inputclass.h">
      <Filter>Header Files\SingleTon</Filter>
    </ClInclude>
    <ClInclude Include="textureclass.h">
      <Filter>Header Files\System</Filter>
    </ClInclude>
    <ClInclude Include="bitmapclass.h">
      <Filter>Header Files\System</Filter>
    </ClInclude>
    <ClInclude Include="skydomeclass.h">
      <Filter>Header Files\SingleTon</Filter>
    </ClInclude>
    <ClInclude Include="minimapclass.h">
      <Filter>Header Files\System</Filter>
    </ClInclude>
    <ClInclude Include="fpsclass.h">
      <Filter>Header Files\Mangers</Filter>
    </ClInclude>
    <ClInclude Include="PeformanceMonerting.h">
      <Filter>Header Files\Mangers</Filter>
    </ClInclude>
    <ClInclude Include="cpuclass.h">
      <Filter>Header Files\Mangers</Filter>
    </ClInclude>
    <ClInclude Include="ModelManager.h">
      <Filter>Header Files\Mangers</Filter>
    </ClInclude>
    <ClInclude Include="zoneclass.h">
      <Filter>Header Files\Scenes</Filter>
    </ClInclude>
    <ClInclude Include="userinterfaceclass.h">
      <Filter>Header Files\Mangers</Filter>
    </ClInclude>
    <ClInclude Include="ModelClass.h">
      <Filter>Header Files\HandeldByManager</Filter>
    </ClInclude>
    <ClInclude Include="fontclass.h">
      <Filter>Header Files\HandeldByManager</Filter>
    </ClInclude>
    <ClInclude Include="float3.h">
      <Filter>Header Files\HandeldByManager</Filter>
    </ClInclude>
    <ClInclude Include="GameState.h">
      <Filter>Header Files\SingleTon</Filter>
    </ClInclude>
    <ClInclude Include="MainMenu.h">
      <Filter>Header Files\Scenes</Filter>
    </ClInclude>
    <ClInclude Include="SplashScreen.h">
      <Filter>Header Files\Scenes</Filter>
    </ClInclude>
    <ClInclude Include="lightshader.h">
      <Filter>Header Files\Shaders</Filter>
    </ClInclude>
    <ClInclude Include="LoadingScreen.h">
      <Filter>Header Files\Scenes</Filter>
    </ClInclude>
    <ClInclude Include="AudioManager.h">
      <Filter>Header Files\System</Filter>
    </ClInclude>
    <ClInclude Include="AudioElement.h">
      <Filter>Header Files\HandeldByManager</Filter>
    </ClInclude>
    <ClInclude Include="bumpmapshaderclass.h">
      <Filter>Header Files\Shaders</Filter>
    </ClInclude>
    <ClInclude Include="Shader.h">
      <Filter>Header Files\SingleTon</Filter>
    </ClInclude>
    <ClInclude Include="Component.h">
      <Filter>Header Files\SingleTon</Filter>
    </ClInclude>
    <ClInclude Include="LeapTestScene.h">
      <Filter>Header Files\Scenes</Filter>
    </ClInclude>
    <ClInclude Include="textclass.h">
      <Filter>Header Files\Elements</Filter>
    </ClInclude>
    <ClInclude Include="cameraclass.h">
      <Filter>Header Files\Elements</Filter>
    </ClInclude>
    <ClInclude Include="frustumclass.h">
      <Filter>Header Files\Elements</Filter>
    </ClInclude>
    <ClInclude Include="GameObject.h">
      <Filter>Header Files\Elements</Filter>
    </ClInclude>
    <ClInclude Include="ImageElement.h">
      <Filter>Header Files\Elements</Filter>
    </ClInclude>
    <ClInclude Include="lightclass.h">
      <Filter>Header Files\Elements</Filter>
    </ClInclude>
    <ClInclude Include="positionclass.h">
      <Filter>Header Files\Elements</Filter>
    </ClInclude>
    <ClInclude Include="HandDesplay.h">
      <Filter>Header Files\Componets</Filter>
    </ClInclude>
    <ClInclude Include="UIComponent.h">
      <Filter>Header Files\SingleTon</Filter>
    </ClInclude>
    <ClInclude Include="UIMannager.h">
      <Filter>Header Files\UI</Filter>
    </ClInclude>
    <ClInclude Include="UIText.h">
      <Filter>Header Files</Filter>
    </ClInclude>
  </ItemGroup>
  <ItemGroup>
    <ClCompile Include="fontshaderclass.cpp">
      <Filter>Source Files\Shaders</Filter>
    </ClCompile>
    <ClCompile Include="colorshaderclass.cpp">
      <Filter>Source Files\Shaders</Filter>
    </ClCompile>
    <ClCompile Include="lightshaderclass.cpp">
      <Filter>Source Files\Shaders</Filter>
    </ClCompile>
    <ClCompile Include="skydomeshaderclass.cpp">
      <Filter>Source Files\Shaders</Filter>
    </ClCompile>
    <ClCompile Include="textureshaderclass.cpp">
      <Filter>Source Files\Shaders</Filter>
    </ClCompile>
    <ClCompile Include="terrainshaderclass.cpp">
      <Filter>Source Files\Shaders</Filter>
    </ClCompile>
    <ClCompile Include="shadermanagerclass.cpp">
      <Filter>Source Files\Manager</Filter>
    </ClCompile>
    <ClCompile Include="texturemanagerclass.cpp">
      <Filter>Source Files\Manager</Filter>
    </ClCompile>
    <ClCompile Include="applicationclass.cpp">
      <Filter>Source Files\System</Filter>
    </ClCompile>
    <ClCompile Include="bitmapclass.cpp">
      <Filter>Source Files\System</Filter>
    </ClCompile>
    <ClCompile Include="d3dclass.cpp">
      <Filter>Source Files\System</Filter>
    </ClCompile>
    <ClCompile Include="minimapclass.cpp">
      <Filter>Source Files\System</Filter>
    </ClCompile>
    <ClCompile Include="main.cpp">
      <Filter>Source Files\System</Filter>
    </ClCompile>
    <ClCompile Include="textureclass.cpp">
      <Filter>Source Files\System</Filter>
    </ClCompile>
    <ClCompile Include="systemclass.cpp">
      <Filter>Source Files\System</Filter>
    </ClCompile>
    <ClCompile Include="fpsclass.cpp">
      <Filter>Source Files\SingleTon</Filter>
    </ClCompile>
    <ClCompile Include="inputclass.cpp">
      <Filter>Source Files\SingleTon</Filter>
    </ClCompile>
    <ClCompile Include="PeformanceMonerting.cpp">
      <Filter>Source Files\Manager</Filter>
    </ClCompile>
    <ClCompile Include="cpuclass.cpp">
      <Filter>Source Files\Manager</Filter>
    </ClCompile>
    <ClCompile Include="timerclass.cpp">
      <Filter>Source Files\Manager</Filter>
    </ClCompile>
    <ClCompile Include="zoneclass.cpp">
      <Filter>Source Files\Scenes</Filter>
    </ClCompile>
    <ClCompile Include="ModelManager.cpp">
      <Filter>Source Files\Manager</Filter>
    </ClCompile>
    <ClCompile Include="ModelClass.cpp">
      <Filter>Source Files\HandeledByManagers</Filter>
    </ClCompile>
    <ClCompile Include="terraincellclass.cpp">
      <Filter>Source Files\HandeledByManagers</Filter>
    </ClCompile>
    <ClCompile Include="userinterfaceclass.cpp">
      <Filter>Source Files\Manager</Filter>
    </ClCompile>
    <ClCompile Include="skydomeclass.cpp">
      <Filter>Source Files\SingleTon</Filter>
    </ClCompile>
    <ClCompile Include="fontclass.cpp">
      <Filter>Source Files\HandeledByManagers</Filter>
    </ClCompile>
    <ClCompile Include="float3.cpp">
      <Filter>Source Files\HandeledByManagers</Filter>
    </ClCompile>
    <ClCompile Include="GameState.cpp">
      <Filter>Source Files\SingleTon</Filter>
    </ClCompile>
    <ClCompile Include="MainMenu.cpp">
      <Filter>Source Files\Scenes</Filter>
    </ClCompile>
    <ClCompile Include="SplashScreen.cpp">
      <Filter>Source Files\Scenes</Filter>
    </ClCompile>
    <ClCompile Include="lightshader.cpp">
      <Filter>Source Files\Shaders</Filter>
    </ClCompile>
    <ClCompile Include="LoadingScreen.cpp">
      <Filter>Source Files\Scenes</Filter>
    </ClCompile>
    <ClCompile Include="AudioManager.cpp">
      <Filter>Source Files\System</Filter>
    </ClCompile>
    <ClCompile Include="AudioElement.cpp">
      <Filter>Source Files\HandeledByManagers</Filter>
    </ClCompile>
    <ClCompile Include="bumpmapshaderclass.cpp">
      <Filter>Source Files\Shaders</Filter>
    </ClCompile>
    <ClCompile Include="Component.cpp">
      <Filter>Source Files\SingleTon</Filter>
    </ClCompile>
    <ClCompile Include="LeapTestScene.cpp">
      <Filter>Source Files\Scenes</Filter>
    </ClCompile>
    <ClCompile Include="cameraclass.cpp">
      <Filter>Source Files\Elements</Filter>
    </ClCompile>
    <ClCompile Include="frustumclass.cpp">
      <Filter>Source Files\Elements</Filter>
    </ClCompile>
    <ClCompile Include="GameObject.cpp">
      <Filter>Source Files\Elements</Filter>
    </ClCompile>
    <ClCompile Include="ImageElement.cpp">
      <Filter>Source Files\Elements</Filter>
    </ClCompile>
    <ClCompile Include="lightclass.cpp">
      <Filter>Source Files\Elements</Filter>
    </ClCompile>
    <ClCompile Include="positionclass.cpp">
      <Filter>Source Files\Elements</Filter>
    </ClCompile>
    <ClCompile Include="terrainclass.cpp">
      <Filter>Source Files\Elements</Filter>
    </ClCompile>
    <ClCompile Include="textclass.cpp">
      <Filter>Source Files\Elements</Filter>
    </ClCompile>
    <ClCompile Include="HandDesplay.cpp">
      <Filter>Source Files\Componets</Filter>
    </ClCompile>
    <ClCompile Include="UIComponent.cpp">
      <Filter>Source Files\SingleTon</Filter>
    </ClCompile>
    <ClCompile Include="UIMannager.cpp">
      <Filter>Source Files\UI</Filter>
    </ClCompile>
    <ClCompile Include="UIText.cpp">
      <Filter>Source Files</Filter>
    </ClCompile>
  </ItemGroup>
</Project>